
Microsoft Visual Studio Solution File, Format Version 12.00
# Visual Studio Version 17
VisualStudioVersion = 17.0.31903.59
MinimumVisualStudioVersion = 10.0.40219.1
Project("{FAE04EC0-301F-11D3-BF4B-00C04F79EFBC}") = "PRFTLatam.OrdersData.Infrastructure", "PRFTLatam.OrdersData.Infrastructure\PRFTLatam.OrdersData.Infrastructure.csproj", "{9595F8D7-2F06-4DB3-B3A3-96BEBB4DAB4E}"
EndProject
Project("{FAE04EC0-301F-11D3-BF4B-00C04F79EFBC}") = "PRFTLatam.OrdersData.WebAPI", "PRFTLatam.OrdersData.WebAPI\PRFTLatam.OrdersData.WebAPI.csproj", "{151C8B95-BE1D-42A6-86DC-CABBEF1C5422}"
EndProject
Project("{FAE04EC0-301F-11D3-BF4B-00C04F79EFBC}") = "PRFTLatam.OrdersData.Services", "PRFTLatam.OrdersData.Services\PRFTLatam.OrdersData.Services.csproj", "{80013580-693B-42B1-A304-6A5D258D54AB}"
EndProject
Global
	GlobalSection(SolutionConfigurationPlatforms) = preSolution
		Debug|Any CPU = Debug|Any CPU
		Release|Any CPU = Release|Any CPU
	EndGlobalSection
	GlobalSection(SolutionProperties) = preSolution
		HideSolutionNode = FALSE
	EndGlobalSection
	GlobalSection(ProjectConfigurationPlatforms) = postSolution
		{9595F8D7-2F06-4DB3-B3A3-96BEBB4DAB4E}.Debug|Any CPU.ActiveCfg = Debug|Any CPU
		{9595F8D7-2F06-4DB3-B3A3-96BEBB4DAB4E}.Debug|Any CPU.Build.0 = Debug|Any CPU
		{9595F8D7-2F06-4DB3-B3A3-96BEBB4DAB4E}.Release|Any CPU.ActiveCfg = Release|Any CPU
		{9595F8D7-2F06-4DB3-B3A3-96BEBB4DAB4E}.Release|Any CPU.Build.0 = Release|Any CPU
		{151C8B95-BE1D-42A6-86DC-CABBEF1C5422}.Debug|Any CPU.ActiveCfg = Debug|Any CPU
		{151C8B95-BE1D-42A6-86DC-CABBEF1C5422}.Debug|Any CPU.Build.0 = Debug|Any CPU
		{151C8B95-BE1D-42A6-86DC-CABBEF1C5422}.Release|Any CPU.ActiveCfg = Release|Any CPU
		{151C8B95-BE1D-42A6-86DC-CABBEF1C5422}.Release|Any CPU.Build.0 = Release|Any CPU
		{80013580-693B-42B1-A304-6A5D258D54AB}.Debug|Any CPU.ActiveCfg = Debug|Any CPU
		{80013580-693B-42B1-A304-6A5D258D54AB}.Debug|Any CPU.Build.0 = Debug|Any CPU
		{80013580-693B-42B1-A304-6A5D258D54AB}.Release|Any CPU.ActiveCfg = Release|Any CPU
		{80013580-693B-42B1-A304-6A5D258D54AB}.Release|Any CPU.Build.0 = Release|Any CPU
	EndGlobalSection
EndGlobal
